# THIS IS AN AUTOGENERATED FILE. DO NOT EDIT THIS FILE DIRECTLY.
# yarn lockfile v1


async@~0.2.9:
  version "0.2.10"
  resolved "https://registry.yarnpkg.com/async/-/async-0.2.10.tgz#b6bbe0b0674b9d719708ca38de8c237cb526c3d1"
  integrity sha512-eAkdoKxU6/LkKDBzLpT+t6Ff5EtfSF4wx1WfJiPEEV7WNLnDaRXk0oVysiEPm262roaachGexwUv94WhSgN5TQ==

async@~1.0.0:
  version "1.0.0"
  resolved "https://registry.yarnpkg.com/async/-/async-1.0.0.tgz#f8fc04ca3a13784ade9e1641af98578cfbd647a9"
  integrity sha512-5mO7DX4CbJzp9zjaFXusQQ4tzKJARjNB1Ih1pVBi8wkbmXy/xzIDgEMXxWePLzt2OdFwaxfneIlT1nCiXubrPQ==

bit-buffer@0.0.3:
  version "0.0.3"
  resolved "https://registry.yarnpkg.com/bit-buffer/-/bit-buffer-0.0.3.tgz#416c0fc72e5d2fbb4f0ecc3db9f00bfad320c436"
  integrity sha512-T+hl90YoueAGeEOB3WzqQZZRLsZJaHqMwaQQe2Q16gU6EXag8fgNe+7PNgfBwCSH5JHYyccbMGkNOuk3HyrkRw==

buffer-crc32@0.2.1:
  version "0.2.1"
  resolved "https://registry.yarnpkg.com/buffer-crc32/-/buffer-crc32-0.2.1.tgz#be3e5382fc02b6d6324956ac1af98aa98b08534c"
  integrity sha512-vMfBIRp/wjlpueSz7Sb0OmO7C5SH58SSmbsT8G4D48YfO/Zgbr29xNXMpZVSC14ujVJfrZZH1Bl+kXYRQPuvfQ==

buffer-crc32@~0.2.1:
  version "0.2.13"
  resolved "https://registry.yarnpkg.com/buffer-crc32/-/buffer-crc32-0.2.13.tgz#0d333e3f00eac50aa1454abd30ef8c2a5d9a7242"
  integrity sha512-VO9Ht/+p3SN7SKWqcrgEzjGbRSJYTx+Q1pTQC0wrWqHx0vpJraQ6GtHx8tvcg1rlK1byhU5gccxgOgj7B0TDkQ==

bytes@0.2.0:
  version "0.2.0"
  resolved "https://registry.yarnpkg.com/bytes/-/bytes-0.2.0.tgz#aad33ec14e3dc2ca74e8e7d451f9ba053ad4f7a0"
  integrity sha512-qH6XVfDizpXcxZisRfVo6rtnGQC2EoF88+p29KDyGN/0VQXFJ+ot8pkYiD673sUgeTirO42UVBitFOFzjVOIrQ==

colors@1.0.x:
  version "1.0.3"
  resolved "https://registry.yarnpkg.com/colors/-/colors-1.0.3.tgz#0433f44d809680fdeb60ed260f1b0c262e82a40b"
  integrity sha512-pFGrxThWcWQ2MsAz6RtgeWe4NK2kUE1WfsrvvlctdII745EW9I0yflqhe7++M5LEc7bV2c/9/5zc8sFcpL0Drw==

commander@1.2.0:
  version "1.2.0"
  resolved "https://registry.yarnpkg.com/commander/-/commander-1.2.0.tgz#fd5713bfa153c7d6cc599378a5ab4c45c535029e"
  integrity sha512-4AzfHvT/zLkvp+LVOHxZ02sHTuNrtoTnu8qEoJbpcL3nTnFhoNmAml1UV+96k9y5Tgz7jIjsom546WIi2iif0g==
  dependencies:
    keypress "0.1.x"

commander@~2.1.0:
  version "2.1.0"
  resolved "https://registry.yarnpkg.com/commander/-/commander-2.1.0.tgz#d121bbae860d9992a3d517ba96f56588e47c6781"
  integrity sha512-J2wnb6TKniXNOtoHS8TSrG9IOQluPrsmyAJ8oCUJOBmv+uLBCyPYAZkD2jFvw2DCzIXNnISIM01NIvr35TkBMQ==

connect@2.8.8:
  version "2.8.8"
  resolved "https://registry.yarnpkg.com/connect/-/connect-2.8.8.tgz#b9abf8caf0bd9773cb3dea29344119872582446d"
  integrity sha512-lX+89ETznga72FppyAq2x4odaVn6TCzHGFatgkIecFRLI9QK4NP1dV+B4z8upeDdKn3S2ygYCRxJ7jZBelnfDw==
  dependencies:
    buffer-crc32 "0.2.1"
    bytes "0.2.0"
    cookie "0.1.0"
    cookie-signature "1.0.1"
    debug "*"
    formidable "1.0.14"
    fresh "0.2.0"
    methods "0.0.1"
    pause "0.0.1"
    qs "0.6.5"
    send "0.1.4"
    uid2 "0.0.2"

cookie-signature@1.0.1:
  version "1.0.1"
  resolved "https://registry.yarnpkg.com/cookie-signature/-/cookie-signature-1.0.1.tgz#44e072148af01e6e8e24afbf12690d68ae698ecb"
  integrity sha512-FMG5ziBzXZ5d4j5obbWOH1X7AtIpsU9ce9mQ+lHo/I1++kzz/isNarOj6T1lBPRspP3mZpuIutc7OVDVcaN1Kg==

cookie@0.1.0:
  version "0.1.0"
  resolved "https://registry.yarnpkg.com/cookie/-/cookie-0.1.0.tgz#90eb469ddce905c866de687efc43131d8801f9d0"
  integrity sha512-YSNOBX085/nzHvrTLEHYHoNdkvpLU1MPjU3r1IGawudZJjfuqnRNIFrcOJJ7bfwC+HWbHL1Y4yMkC0O+HWjV7w==

cycle@1.0.x:
  version "1.0.3"
  resolved "https://registry.yarnpkg.com/cycle/-/cycle-1.0.3.tgz#21e80b2be8580f98b468f379430662b046c34ad2"
  integrity sha512-TVF6svNzeQCOpjCqsy0/CSy8VgObG3wXusJ73xW2GbG5rGx7lC8zxDSURicsXI2UsGdi2L0QNRCi745/wUDvsA==

debug@*:
  version "4.3.6"
  resolved "https://registry.yarnpkg.com/debug/-/debug-4.3.6.tgz#2ab2c38fbaffebf8aa95fdfe6d88438c7a13c52b"
  integrity sha512-O/09Bd4Z1fBrU4VzkhFqVgpPzaGbw6Sm9FEkBT1A/YBXQFGuuSxa1dN2nxgxS34JmKXqYx8CZAwEVoJFImUXIg==
  dependencies:
    ms "2.1.2"

debug@2.6.9:
  version "2.6.9"
  resolved "https://registry.yarnpkg.com/debug/-/debug-2.6.9.tgz#5d128515df134ff327e90a4c93f4e077a536341f"
  integrity sha512-bC7ElrdJaJnPbAP+1EotYvqZsb3ecl5wi6Bfi6BJTUcNowp6cvspg0jXznRTKDjm/E7AdgFBVeAPVMNcKGsHMA==
  dependencies:
    ms "2.0.0"

depd@~1.1.2:
  version "1.1.2"
  resolved "https://registry.yarnpkg.com/depd/-/depd-1.1.2.tgz#9bcd52e14c097763e749b274c4346ed2e560b5a9"
  integrity sha512-7emPTl6Dpo6JRXOXjLRxck+FlLRX5847cLKEn00PLAgc3g2hTZZgr+e4c2v6QpSmLeFP3n5yUo7ft6avBK/5jQ==

destroy@~1.0.4:
  version "1.0.4"
  resolved "https://registry.yarnpkg.com/destroy/-/destroy-1.0.4.tgz#978857442c44749e4206613e37946205826abd80"
  integrity sha512-3NdhDuEXnfun/z7x9GOElY49LoqVHoGScmOKwmxhsS8N5Y+Z8KyPPDnaSzqWgYt/ji4mqwfTS34Htrk0zPIXVg==

ee-first@1.1.1:
  version "1.1.1"
  resolved "https://registry.yarnpkg.com/ee-first/-/ee-first-1.1.1.tgz#590c61156b0ae2f4f0255732a158b266bc56b21d"
  integrity sha512-WMwm9LhRUo+WUaRN+vRuETqG89IgZphVSNkdFgeb6sS/E4OrDIN7t48CAewSHXc6C8lefD8KKfr5vY61brQlow==

ejs@~0.8.4:
  version "0.8.8"
  resolved "https://registry.yarnpkg.com/ejs/-/ejs-0.8.8.tgz#ffdc56dcc35d02926dd50ad13439bbc54061d598"
  integrity sha512-2E5HBH8LoaSQ2OLW2LmEE1/9dL3YZCKqrQXBEeCv9P/dQlZOfdAYvJFHhNZ35uY6AXba+RllQTRtmJmXXm7i7g==

encodeurl@~1.0.2:
  version "1.0.2"
  resolved "https://registry.yarnpkg.com/encodeurl/-/encodeurl-1.0.2.tgz#ad3ff4c86ec2d029322f5a02c3a9a606c95b3f59"
  integrity sha512-TPJXq8JqFaVYm2CWmPvnP2Iyo4ZSM7/QKcSmuMLDObfpH5fi7RUGmd/rTDf+rut/saiDiQEeVTNgAmJEdAOx0w==

escape-html@~1.0.3:
  version "1.0.3"
  resolved "https://registry.yarnpkg.com/escape-html/-/escape-html-1.0.3.tgz#0258eae4d3d0c0974de1c169188ef0051d1d1988"
  integrity sha512-NiSupZ4OeuGwr68lGIeym/ksIZMJodUGOSCZ/FSnTxcrekbvqrgdUxlJOMpijaKZVjAJrWrGs/6Jy8OMuyj9ow==

etag@~1.8.1:
  version "1.8.1"
  resolved "https://registry.yarnpkg.com/etag/-/etag-1.8.1.tgz#41ae2eeb65efa62268aebfea83ac7d79299b0887"
  integrity sha512-aIL5Fx7mawVa300al2BnEE4iNvo1qETxLrPI/o05L7z6go7fCw1J6EQmbK4FmJ2AS7kgVF/KEZWufBfdClMcPg==

eventemitter3@^4.0.0:
  version "4.0.7"
  resolved "https://registry.yarnpkg.com/eventemitter3/-/eventemitter3-4.0.7.tgz#2de9b68f6528d5644ef5c59526a1b4a07306169f"
  integrity sha512-8guHBZCwKnFhYdHr2ysuRWErTwhoN2X8XELRlrRwpmfeY2jjuUN4taQMsULKUVo1K4DvZl+0pgfyoysHxvmvEw==

execSync@~1.0.1-pre:
  version "1.0.2"
  resolved "https://registry.yarnpkg.com/execSync/-/execSync-1.0.2.tgz#1f42eda582225180053224ecdd3fd1960fdb3139"
  integrity sha512-ul1uCl3e2DLlTl8z8R7OFb9PDXI08YkXbgknWZQCrpQjZh7cpntAzDI6oEqetaWpx+RdySFcxHVyG98CFg2lTQ==
  dependencies:
    temp "~0.5.1"

express@~3.3.5:
  version "3.3.8"
  resolved "https://registry.yarnpkg.com/express/-/express-3.3.8.tgz#8e98ac30d81f4c95b85d71d2af6cf84f62ef19bd"
  integrity sha512-zWTuSlv+cvqsPsQmHJYYWEKyzwThpin6QxNqU9f0QgWvtksqcEu5FHnzcn/QnL/45gteWLBBZiSzhG2Q5yOqpg==
  dependencies:
    buffer-crc32 "0.2.1"
    commander "1.2.0"
    connect "2.8.8"
    cookie "0.1.0"
    cookie-signature "1.0.1"
    debug "*"
    fresh "0.2.0"
    methods "0.0.1"
    mkdirp "0.3.5"
    range-parser "0.0.4"
    send "0.1.4"

eyes@0.1.x:
  version "0.1.8"
  resolved "https://registry.yarnpkg.com/eyes/-/eyes-0.1.8.tgz#62cf120234c683785d902348a800ef3e0cc20bc0"
  integrity sha512-GipyPsXO1anza0AOZdy69Im7hGFCNB7Y/NGjDlZGJ3GJJLtwNSb2vrzYrTYJRrRloVx7pl+bhUaTB8yiccPvFQ==

follow-redirects@^1.0.0:
  version "1.15.6"
  resolved "https://registry.yarnpkg.com/follow-redirects/-/follow-redirects-1.15.6.tgz#7f815c0cda4249c74ff09e95ef97c23b5fd0399b"
  integrity sha512-wWN62YITEaOpSK584EZXJafH1AGpO8RVgElfkuXbTOrPX4fIfOyEpW/CsiNd8JdYrAoOvafRTOEnvsO++qCqFA==

formidable@1.0.14:
  version "1.0.14"
  resolved "https://registry.yarnpkg.com/formidable/-/formidable-1.0.14.tgz#2b3f4c411cbb5fdd695c44843e2a23514a43231a"
  integrity sha512-aOskFHEfYwkSKSzGui5jhQ+uyLo2NTwpzhndggz2YZHlv0HkAi+zG5ZEBCL3GTvqLyr/FzX9Mvx9DueCmu2HzQ==

fresh@0.2.0:
  version "0.2.0"
  resolved "https://registry.yarnpkg.com/fresh/-/fresh-0.2.0.tgz#bfd9402cf3df12c4a4c310c79f99a3dde13d34a7"
  integrity sha512-ckGdAuSRr1wBmnq7CsW7eU37DBwQxHx3vW8foJUIrF56rkOy8Osm6Fe8KSwemwyKejivKki7jVBgpBpBJexmrw==

fresh@0.5.2:
  version "0.5.2"
  resolved "https://registry.yarnpkg.com/fresh/-/fresh-0.5.2.tgz#3d8cadd90d976569fa835ab1f8e4b23a105605a7"
  integrity sha512-zJ2mQYM18rEFOudeV4GShTGIQ7RbzA7ozbU9I/XBpm7kqgMywgmylMwXHxZJmkVoYkna9d2pVXVXPdYTP9ej8Q==

graceful-fs@~1:
  version "1.2.3"
  resolved "https://registry.yarnpkg.com/graceful-fs/-/graceful-fs-1.2.3.tgz#15a4806a57547cb2d2dbf27f42e89a8c3451b364"
  integrity sha512-iiTUZ5vZ+2ZV+h71XAgwCSu6+NAizhFU3Yw8aC/hH5SQ3SnISqEqAek40imAFGtDcwJKNhXvSY+hzIolnLwcdQ==

http-errors@~1.6.2:
  version "1.6.3"
  resolved "https://registry.yarnpkg.com/http-errors/-/http-errors-1.6.3.tgz#8b55680bb4be283a0b5bf4ea2e38580be1d9320d"
  integrity sha512-lks+lVC8dgGyh97jxvxeYTWQFvh4uw4yC12gVl63Cg30sjPX4wuGcdkICVXDAESr6OJGjqGA8Iz5mkeN6zlD7A==
  dependencies:
    depd "~1.1.2"
    inherits "2.0.3"
    setprototypeof "1.1.0"
    statuses ">= 1.4.0 < 2"

http-proxy@^1.18.1:
  version "1.18.1"
  resolved "https://registry.yarnpkg.com/http-proxy/-/http-proxy-1.18.1.tgz#401541f0534884bbf95260334e72f88ee3976549"
  integrity sha512-7mz/721AbnJwIVbnaSv1Cz3Am0ZLT/UBwkC92VlxhXv/k/BBQfM2fXElQNC27BVGr0uwUpplYPQM9LnaBMR5NQ==
  dependencies:
    eventemitter3 "^4.0.0"
    follow-redirects "^1.0.0"
    requires-port "^1.0.0"

inherits@2.0.3:
  version "2.0.3"
  resolved "https://registry.yarnpkg.com/inherits/-/inherits-2.0.3.tgz#633c2c83e3da42a502f52466022480f4208261de"
  integrity sha512-x00IRNXNy63jwGkJmzPigoySHbaqpNuzKbBOmzK+g2OdZpQ9w+sxCN+VSB3ja7IAge2OP2qpfxTjeNcyjmW1uw==

isstream@0.1.x:
  version "0.1.2"
  resolved "https://registry.yarnpkg.com/isstream/-/isstream-0.1.2.tgz#47e63f7af55afa6f92e1500e690eb8b8529c099a"
  integrity sha512-Yljz7ffyPbrLpLngrMtZ7NduUgVvi6wG9RJ9IUcyCd59YQ911PBJphODUcbOVbqYfxe1wuYf/LJ8PauMRwsM/g==

keypress@0.1.x:
  version "0.1.0"
  resolved "https://registry.yarnpkg.com/keypress/-/keypress-0.1.0.tgz#4a3188d4291b66b4f65edb99f806aa9ae293592a"
  integrity sha512-x0yf9PL/nx9Nw9oLL8ZVErFAk85/lslwEP7Vz7s5SI1ODXZIgit3C5qyWjw4DxOuO/3Hb4866SQh28a1V1d+WA==

methods@0.0.1:
  version "0.0.1"
  resolved "https://registry.yarnpkg.com/methods/-/methods-0.0.1.tgz#277c90f8bef39709645a8371c51c3b6c648e068c"
  integrity sha512-pB8oFfci/xcfUgM6DTxc7lbTKifPPgs3mZUOsEgaH+1TTWpmcmv3sHl+5sUHIj2X2W8aPYa2+nJealRHK+Lo6A==

mime@1.4.1:
  version "1.4.1"
  resolved "https://registry.yarnpkg.com/mime/-/mime-1.4.1.tgz#121f9ebc49e3766f311a76e1fa1c8003c4b03aa6"
  integrity sha512-KI1+qOZu5DcW6wayYHSzR/tXKCDC5Om4s1z2QJjDULzLcmf3DvzS7oluY4HCTrc+9FiKmWUgeNLg7W3uIQvxtQ==

mime@~1.2.9:
  version "1.2.11"
  resolved "https://registry.yarnpkg.com/mime/-/mime-1.2.11.tgz#58203eed86e3a5ef17aed2b7d9ebd47f0a60dd10"
  integrity sha512-Ysa2F/nqTNGHhhm9MV8ure4+Hc+Y8AWiqUdHxsO7xu8zc92ND9f3kpALHjaP026Ft17UfxrMt95c50PLUeynBw==

minimist@~0.0.1:
  version "0.0.10"
  resolved "https://registry.yarnpkg.com/minimist/-/minimist-0.0.10.tgz#de3f98543dbf96082be48ad1a0c7cda836301dcf"
  integrity sha512-iotkTvxc+TwOm5Ieim8VnSNvCDjCK9S8G3scJ50ZthspSxa7jx50jkhYduuAtAjvfDUwSgOwf8+If99AlOEhyw==

mkdirp@0.3.5:
  version "0.3.5"
  resolved "https://registry.yarnpkg.com/mkdirp/-/mkdirp-0.3.5.tgz#de3e5f8961c88c787ee1368df849ac4413eca8d7"
  integrity sha512-8OCq0De/h9ZxseqzCH8Kw/Filf5pF/vMI6+BH7Lu0jXz2pqYCjTAQRolSxRIi+Ax+oCCjlxoJMP0YQ4XlrQNHg==

ms@2.0.0:
  version "2.0.0"
  resolved "https://registry.yarnpkg.com/ms/-/ms-2.0.0.tgz#5608aeadfc00be6c2901df5f9861788de0d597c8"
  integrity sha512-Tpp60P6IUJDTuOq/5Z8cdskzJujfwqfOTkrwIwj7IRISpnkJnT6SyJ4PCPnGMoFjC9ddhal5KVIYtAt97ix05A==

ms@2.1.2:
  version "2.1.2"
  resolved "https://registry.yarnpkg.com/ms/-/ms-2.1.2.tgz#d09d1f357b443f493382a8eb3ccd183872ae6009"
  integrity sha512-sGkPx+VjMtmA6MX27oA4FBFELFCZZ4S4XqeGOXCv68tT+jb3vk/RyaKWP0PTKyWtmLSM0b+adUTEvbs1PEaH2w==

nan@~1.0.0:
  version "1.0.0"
  resolved "https://registry.yarnpkg.com/nan/-/nan-1.0.0.tgz#ae24f8850818d662fcab5acf7f3b95bfaa2ccf38"
  integrity sha512-Wm2/nFOm2y9HtJfgOLnctGbfvF23FcQZeyUZqDD8JQG3zO5kXh3MkQKiUaA68mJiVWrOzLFkAV1u6bC8P52DJA==

on-finished@~2.3.0:
  version "2.3.0"
  resolved "https://registry.yarnpkg.com/on-finished/-/on-finished-2.3.0.tgz#20f1336481b083cd75337992a16971aa2d906947"
  integrity sha512-ikqdkGAAyf/X/gPhXGvfgAytDZtDbr+bkNUJ0N9h5MI/dmdgCs3l6hoHrcUv41sRKew3jIwrp4qQDXiK99Utww==
  dependencies:
    ee-first "1.1.1"

optimist@~0.6.0:
  version "0.6.1"
  resolved "https://registry.yarnpkg.com/optimist/-/optimist-0.6.1.tgz#da3ea74686fa21a19a111c326e90eb15a0196686"
  integrity sha512-snN4O4TkigujZphWLN0E//nQmm7790RYaE53DdL7ZYwee2D8DDo9/EyYiKUfN3rneWUjhJnueija3G9I2i0h3g==
  dependencies:
    minimist "~0.0.1"
    wordwrap "~0.0.2"

options@>=0.0.5:
  version "0.0.6"
  resolved "https://registry.yarnpkg.com/options/-/options-0.0.6.tgz#ec22d312806bb53e731773e7cdaefcf1c643128f"
  integrity sha512-bOj3L1ypm++N+n7CEbbe473A414AB7z+amKYshRb//iuL3MpdDCLhPnw6aVTdKB9g5ZRVHIEp8eUln6L2NUStg==

pause@0.0.1:
  version "0.0.1"
  resolved "https://registry.yarnpkg.com/pause/-/pause-0.0.1.tgz#1d408b3fdb76923b9543d96fb4c9dfd535d9cb5d"
  integrity sha512-KG8UEiEVkR3wGEb4m5yZkVCzigAD+cVEJck2CzYZO37ZGJfctvVptVO192MwrtPhzONn6go8ylnOdMhKqi4nfg==

qs@0.6.5:
  version "0.6.5"
  resolved "https://registry.yarnpkg.com/qs/-/qs-0.6.5.tgz#294b268e4b0d4250f6dde19b3b8b34935dff14ef"
  integrity sha512-n7wA/f30O3SsOw2BVkGUDzjWMw7kXvQJWKtDdgfq5HJvDoad+Jbc6osN1AQ0Iain5plo9e7Cs5fE+xR+DVkPTw==

quakejs-files@0.0.3:
  version "0.0.3"
  resolved "https://registry.yarnpkg.com/quakejs-files/-/quakejs-files-0.0.3.tgz#27ed2ef70b4273809df472175714ff5be23aca50"
  integrity sha512-HVCecfefKtONFJTx3JJKAt6mQBUHAJHeGP9ISB1mLyB9FWthx0CpZL0yLsRoYkbXsHXgr/yj1JQZEIsBCGeqtQ==
  dependencies:
    bit-buffer "0.0.3"

range-parser@0.0.4:
  version "0.0.4"
  resolved "https://registry.yarnpkg.com/range-parser/-/range-parser-0.0.4.tgz#c0427ffef51c10acba0782a46c9602e744ff620b"
  integrity sha512-okJVEq9DbZyg+5lD8pr6ooQmeA0uu8DYIyAU7VK1WUUK7hctI1yw2ZHhKiKjB6RXaDrYRmTR4SsIHkyiQpaLMA==

range-parser@~1.2.0:
  version "1.2.1"
  resolved "https://registry.yarnpkg.com/range-parser/-/range-parser-1.2.1.tgz#3cf37023d199e1c24d1a55b84800c2f3e6468031"
  integrity sha512-Hrgsx+orqoygnmhFbKaHE6c296J+HTAQXoxEF6gNupROmmGJRoyzfG3ccAveqCBrwr/2yxQ5BVd/GTl5agOwSg==

requires-port@^1.0.0:
  version "1.0.0"
  resolved "https://registry.yarnpkg.com/requires-port/-/requires-port-1.0.0.tgz#925d2601d39ac485e091cf0da5c6e694dc3dcaff"
  integrity sha512-KigOCHcocU3XODJxsu8i/j8T9tzT4adHiecwORRQ0ZZFcp7ahwXuRU1m+yuO90C5ZUyGeGfocHDI14M3L3yDAQ==

rimraf@~2.1.4:
  version "2.1.4"
  resolved "https://registry.yarnpkg.com/rimraf/-/rimraf-2.1.4.tgz#5a6eb62eeda068f51ede50f29b3e5cd22f3d9bb2"
  integrity sha512-tzwmX16YQhcFu0T/m0gHBcFKx6yQAg77Z6WWaQSJsUekXYa6yaAmHhrDdmFicgauX/er7GsdN+vRao3mBhA4kQ==
  optionalDependencies:
    graceful-fs "~1"

send@0.1.4:
  version "0.1.4"
  resolved "https://registry.yarnpkg.com/send/-/send-0.1.4.tgz#be70d8d1be01de61821af13780b50345a4f71abd"
  integrity sha512-NJnIaB29/EcNqkNneUAm16oEVnzM2LeNBc/hmgKuExv2k9pCZQEw8SHJeCdjqesHJTyWAr7x5HjeOmRFS4BoFw==
  dependencies:
    debug "*"
    fresh "0.2.0"
    mime "~1.2.9"
    range-parser "0.0.4"

send@^0.16.2:
  version "0.16.2"
  resolved "https://registry.yarnpkg.com/send/-/send-0.16.2.tgz#6ecca1e0f8c156d141597559848df64730a6bbc1"
  integrity sha512-E64YFPUssFHEFBvpbbjr44NCLtI1AohxQ8ZSiJjQLskAdKuriYEP6VyGEsRDH8ScozGpkaX1BGvhanqCwkcEZw==
  dependencies:
    debug "2.6.9"
    depd "~1.1.2"
    destroy "~1.0.4"
    encodeurl "~1.0.2"
    escape-html "~1.0.3"
    etag "~1.8.1"
    fresh "0.5.2"
    http-errors "~1.6.2"
    mime "1.4.1"
    ms "2.0.0"
    on-finished "~2.3.0"
    range-parser "~1.2.0"
    statuses "~1.4.0"

setprototypeof@1.1.0:
  version "1.1.0"
  resolved "https://registry.yarnpkg.com/setprototypeof/-/setprototypeof-1.1.0.tgz#d0bd85536887b6fe7c0d818cb962d9d91c54e656"
  integrity sha512-BvE/TwpZX4FXExxOxZyRGQQv651MSwmWKZGqvmPcRIjDqWub67kTKuIMx43cZZrS/cBBzwBcNDWoFxt2XEFIpQ==

stack-trace@0.0.x:
  version "0.0.10"
  resolved "https://registry.yarnpkg.com/stack-trace/-/stack-trace-0.0.10.tgz#547c70b347e8d32b4e108ea1a2a159e5fdde19c0"
  integrity sha512-KGzahc7puUKkzyMt+IqAep+TVNbKP+k2Lmwhub39m1AsTSkaDutx56aDCo+HLDzf/D26BIHTJWNiTG1KAJiQCg==

"statuses@>= 1.4.0 < 2":
  version "1.5.0"
  resolved "https://registry.yarnpkg.com/statuses/-/statuses-1.5.0.tgz#161c7dac177659fd9811f43771fa99381478628c"
  integrity sha512-OpZ3zP+jT1PI7I8nemJX4AKmAX070ZkYPVWV/AaKTJl+tXCTGyVdC1a4SL8RUQYEwk/f34ZX8UTykN68FwrqAA==

statuses@~1.4.0:
  version "1.4.0"
  resolved "https://registry.yarnpkg.com/statuses/-/statuses-1.4.0.tgz#bb73d446da2796106efcc1b601a253d6c46bd087"
  integrity sha512-zhSCtt8v2NDrRlPQpCNtw/heZLtfUDqxBM1udqikb/Hbk52LK4nQSwr10u77iopCW5LsyHpuXS0GnEc48mLeew==

temp@~0.5.1:
  version "0.5.1"
  resolved "https://registry.yarnpkg.com/temp/-/temp-0.5.1.tgz#77ab19c79aa7b593cbe4fac2441768cad987b8df"
  integrity sha512-Gwc1QWGkf3f3d0y8wNyC9uvVqAsmVdUMPzdiLJDNVAHhlxZmSWlvVZAk1LmZcBuYcmhvJ0oHDVHksghU3VI/0w==
  dependencies:
    rimraf "~2.1.4"

tinycolor@0.x:
  version "0.0.1"
  resolved "https://registry.yarnpkg.com/tinycolor/-/tinycolor-0.0.1.tgz#320b5a52d83abb5978d81a3e887d4aefb15a6164"
  integrity sha512-+CorETse1kl98xg0WAzii8DTT4ABF4R3nquhrkIbVGcw1T8JYs5Gfx9xEfGINPUZGDj9C4BmOtuKeaTtuuRolg==

uid2@0.0.2:
  version "0.0.2"
  resolved "https://registry.yarnpkg.com/uid2/-/uid2-0.0.2.tgz#107fb155c82c1136620797ed4c88cf2b08f6aab8"
  integrity sha512-FjCp6IusuzzbZG8y0MDDsXcPwYuDAD6jK/0uzxwTFZy2/WaJEFCpQevYE9DPJsJQLMZSxX5x4HY3W7uTKhhI6Q==

underscore@~1.5.1:
  version "1.5.2"
  resolved "https://registry.yarnpkg.com/underscore/-/underscore-1.5.2.tgz#1335c5e4f5e6d33bbb4b006ba8c86a00f556de08"
  integrity sha512-yejOFsRnTJs0N9CK5Apzf6maDO2djxGoLLrlZlvGs2o9ZQuhIhDL18rtFyy4FBIbOkzA6+4hDgXbgz5EvDQCXQ==

winston@2.4.0:
  version "2.4.0"
  resolved "https://registry.yarnpkg.com/winston/-/winston-2.4.0.tgz#808050b93d52661ed9fb6c26b3f0c826708b0aee"
  integrity sha512-4/DotzcMp5ilGEC0KrZkpZ0pCHuUrVWmM41qAT5zAa5nNaBAyc1MQBPTVjcajiYf1D6b+CHjziYNY2Mi6Svv2g==
  dependencies:
    async "~1.0.0"
    colors "1.0.x"
    cycle "1.0.x"
    eyes "0.1.x"
    isstream "0.1.x"
    stack-trace "0.0.x"

wordwrap@~0.0.2:
  version "0.0.3"
  resolved "https://registry.yarnpkg.com/wordwrap/-/wordwrap-0.0.3.tgz#a3d5da6cd5c0bc0008d37234bbaf1bed63059107"
  integrity sha512-1tMA907+V4QmxV7dbRvb4/8MaRALK6q9Abid3ndMYnbyo8piisCmeONVqVSXqQA3KaP4SLt5b7ud6E2sqP8TFw==

wrench@~1.5.4:
  version "1.5.9"
  resolved "https://registry.yarnpkg.com/wrench/-/wrench-1.5.9.tgz#411691c63a9b2531b1700267279bdeca23b2142a"
  integrity sha512-QH+8W9n0UGDAxnRDOkQzG1N277GTaBgMDNdckluqnAY773njfs1gfo867IbMMbGjOZZof+zlRIUeQ9XN8VUHUQ==

ws@~0.4.29:
  version "0.4.32"
  resolved "https://registry.yarnpkg.com/ws/-/ws-0.4.32.tgz#787a6154414f3c99ed83c5772153b20feb0cec32"
  integrity sha512-htqsS0U9Z9lb3ITjidQkRvkLdVhQePrMeu475yEfOWkAYvJ6dSjQp1tOH6ugaddzX5b7sQjMPNtY71eTzrV/kA==
  dependencies:
    commander "~2.1.0"
    nan "~1.0.0"
    options ">=0.0.5"
    tinycolor "0.x"
